
Microsoft Visual Studio Solution File, Format Version 12.00
# Visual Studio Version 17
VisualStudioVersion = 17.6.33815.320
MinimumVisualStudioVersion = 10.0.40219.1
Project("{FAE04EC0-301F-11D3-BF4B-00C04F79EFBC}") = "SwappingProgram", "SwappingProgram\SwappingProgram.csproj", "{1AC03E95-0BB1-4DD5-869D-074B53D0F4A1}"
EndProject
Global
	GlobalSection(SolutionConfigurationPlatforms) = preSolution
		Debug|Any CPU = Debug|Any CPU
		Release|Any CPU = Release|Any CPU
	EndGlobalSection
	GlobalSection(ProjectConfigurationPlatforms) = postSolution
		{1AC03E95-0BB1-4DD5-869D-074B53D0F4A1}.Debug|Any CPU.ActiveCfg = Debug|Any CPU
		{1AC03E95-0BB1-4DD5-869D-074B53D0F4A1}.Debug|Any CPU.Build.0 = Debug|Any CPU
		{1AC03E95-0BB1-4DD5-869D-074B53D0F4A1}.Release|Any CPU.ActiveCfg = Release|Any CPU
		{1AC03E95-0BB1-4DD5-869D-074B53D0F4A1}.Release|Any CPU.Build.0 = Release|Any CPU
	EndGlobalSection
	GlobalSection(SolutionProperties) = preSolution
		HideSolutionNode = FALSE
	EndGlobalSection
	GlobalSection(ExtensibilityGlobals) = postSolution
		SolutionGuid = {C61704CD-9B08-4CF0-B1D9-AB8E76ED7793}
	EndGlobalSection
EndGlobal
